github.com/enenumxela/urlx v0.0.0-20220330083946-3fddfff8acee h1:Pvqne6KZvxyWSbYpDIeZnNvKLFxPOR/DGR/pd/6p1nY=
github.com/enenumxela/urlx v0.0.0-20220330083946-3fddfff8acee/go.mod h1:P78anQBC4IOCzxzXwOzN8GDoOaq1CoshuhBxxVxoPgw=
github.com/logrusorgru/aurora/v3 v3.0.0 h1:R6zcoZZbvVcGMvDCKo45A9U/lzYyzl5NfYIvznmDfE4=
github.com/logrusorgru/aurora/v3 v3.0.0/go.mod h1:vsR12bk5grlLvLXAYrBsb5Oc/N+LxAlxggSjiwMnCUc=
golang.org/x/net v0.0.0-20220325170049-de3da57026de h1:pZB1TWnKi+o4bENlbzAgLrEbY4RMYmUIRobMcSmfeYc=
golang.org/x/net v0.0.0-20220325170049-de3da57026de/go.mod h1:CfG3xpIq0wQ8r1q4Su4UZFWDARRcnwPjda9FqA0JpMk=
